
Microsoft Visual Studio Solution File, Format Version 12.00
# Visual Studio for Mac
Project("{FAE04EC0-301F-11D3-BF4B-00C04F79EFBC}") = "WordGame copy", "WordGame copy.csproj", "{D148EDD3-60B3-3BA7-0D56-1ECE0593C0F6}"
EndProject
Project("{FAE04EC0-301F-11D3-BF4B-00C04F79EFBC}") = "WordGame copy.Editor", "WordGame copy.Editor.csproj", "{69ECC14B-7F66-B35E-F76C-98B3F91DB2D6}"
EndProject
Global
	GlobalSection(SolutionConfigurationPlatforms) = preSolution
		Debug|Any CPU = Debug|Any CPU
		Release|Any CPU = Release|Any CPU
	EndGlobalSection
	GlobalSection(ProjectConfigurationPlatforms) = postSolution
		{D148EDD3-60B3-3BA7-0D56-1ECE0593C0F6}.Debug|Any CPU.ActiveCfg = Debug|Any CPU
		{D148EDD3-60B3-3BA7-0D56-1ECE0593C0F6}.Debug|Any CPU.Build.0 = Debug|Any CPU
		{D148EDD3-60B3-3BA7-0D56-1ECE0593C0F6}.Release|Any CPU.ActiveCfg = Release|Any CPU
		{D148EDD3-60B3-3BA7-0D56-1ECE0593C0F6}.Release|Any CPU.Build.0 = Release|Any CPU
		{69ECC14B-7F66-B35E-F76C-98B3F91DB2D6}.Debug|Any CPU.ActiveCfg = Debug|Any CPU
		{69ECC14B-7F66-B35E-F76C-98B3F91DB2D6}.Debug|Any CPU.Build.0 = Debug|Any CPU
		{69ECC14B-7F66-B35E-F76C-98B3F91DB2D6}.Release|Any CPU.ActiveCfg = Release|Any CPU
		{69ECC14B-7F66-B35E-F76C-98B3F91DB2D6}.Release|Any CPU.Build.0 = Release|Any CPU
	EndGlobalSection
	GlobalSection(SolutionProperties) = preSolution
		HideSolutionNode = FALSE
	EndGlobalSection
EndGlobal
