
Microsoft Visual Studio Solution File, Format Version 11.00
# Visual Studio 2010
Project("{FAE04EC0-301F-11D3-BF4B-00C04F79EFBC}") = "Words (1)", "Assembly-CSharp.csproj", "{6F5ACA5E-D20B-9925-CDA2-E93D2554CAF7}"
EndProject
Project("{FAE04EC0-301F-11D3-BF4B-00C04F79EFBC}") = "Words (1)", "Assembly-CSharp-Editor.csproj", "{D0947F90-B8DE-D727-7BE5-5D494B328B7E}"
EndProject
Global
	GlobalSection(SolutionConfigurationPlatforms) = preSolution
		Debug|Any CPU = Debug|Any CPU
		Release|Any CPU = Release|Any CPU
	EndGlobalSection
	GlobalSection(ProjectConfigurationPlatforms) = postSolution
		{6F5ACA5E-D20B-9925-CDA2-E93D2554CAF7}.Debug|Any CPU.ActiveCfg = Debug|Any CPU
		{6F5ACA5E-D20B-9925-CDA2-E93D2554CAF7}.Debug|Any CPU.Build.0 = Debug|Any CPU
		{6F5ACA5E-D20B-9925-CDA2-E93D2554CAF7}.Release|Any CPU.ActiveCfg = Release|Any CPU
		{6F5ACA5E-D20B-9925-CDA2-E93D2554CAF7}.Release|Any CPU.Build.0 = Release|Any CPU
		{D0947F90-B8DE-D727-7BE5-5D494B328B7E}.Debug|Any CPU.ActiveCfg = Debug|Any CPU
		{D0947F90-B8DE-D727-7BE5-5D494B328B7E}.Debug|Any CPU.Build.0 = Debug|Any CPU
		{D0947F90-B8DE-D727-7BE5-5D494B328B7E}.Release|Any CPU.ActiveCfg = Release|Any CPU
		{D0947F90-B8DE-D727-7BE5-5D494B328B7E}.Release|Any CPU.Build.0 = Release|Any CPU
	EndGlobalSection
	GlobalSection(SolutionProperties) = preSolution
		HideSolutionNode = FALSE
	EndGlobalSection
	GlobalSection(MonoDevelopProperties) = preSolution
		StartupItem = Assembly-CSharp.csproj
	EndGlobalSection
EndGlobal
